PODS:
  - lottie-ios (4.4.3)
  - SDWebImage (5.19.2):
    - SDWebImage/Core (= 5.19.2)
  - SDWebImage/Core (5.19.2)
  - SwiftyJSON (4.3.0)

DEPENDENCIES:
  - lottie-ios
  - SDWebImage
  - SwiftyJSON (~> 4.0)

SPEC REPOS:
  trunk:
    - lottie-ios
    - SDWebImage
    - SwiftyJSON

SPEC CHECKSUMS:
  lottie-ios: fcb5e73e17ba4c983140b7d21095c834b3087418
  SDWebImage: dfe95b2466a9823cf9f0c6d01217c06550d7b29a
  SwiftyJSON: 6faa0040f8b59dead0ee07436cbf76b73c08fd08

PODFILE CHECKSUM: bb341bbf12bc86d59fc03537f5dd37cc36b77837

COCOAPODS: 1.15.2
